
Microsoft Visual Studio Solution File, Format Version 12.00
# Visual Studio Version 16
VisualStudioVersion = 16.0.30717.126
MinimumVisualStudioVersion = 10.0.40219.1
Project("{FAE04EC0-301F-11D3-BF4B-00C04F79EFBC}") = "DrinkAndGo", "DrinkAndGo\DrinkAndGo.csproj", "{883709C0-BB1C-4414-88D6-6FE8C16E90DB}"
EndProject
Global
	GlobalSection(SolutionConfigurationPlatforms) = preSolution
		Debug|Any CPU = Debug|Any CPU
		Release|Any CPU = Release|Any CPU
	EndGlobalSection
	GlobalSection(ProjectConfigurationPlatforms) = postSolution
		{883709C0-BB1C-4414-88D6-6FE8C16E90DB}.Debug|Any CPU.ActiveCfg = Debug|Any CPU
		{883709C0-BB1C-4414-88D6-6FE8C16E90DB}.Debug|Any CPU.Build.0 = Debug|Any CPU
		{883709C0-BB1C-4414-88D6-6FE8C16E90DB}.Release|Any CPU.ActiveCfg = Release|Any CPU
		{883709C0-BB1C-4414-88D6-6FE8C16E90DB}.Release|Any CPU.Build.0 = Release|Any CPU
	EndGlobalSection
	GlobalSection(SolutionProperties) = preSolution
		HideSolutionNode = FALSE
	EndGlobalSection
	GlobalSection(ExtensibilityGlobals) = postSolution
		SolutionGuid = {49F325D9-EB3C-483C-AB71-C20409DAEB72}
	EndGlobalSection
EndGlobal
